
Microsoft Visual Studio Solution File, Format Version 12.00
Project("{FAE04EC0-301F-11D3-BF4B-00C04F79EFBC}") = "TaskManager API", "TaskManager API\TaskManager API.csproj", "{FF3A0196-CE47-4512-A05C-B22B4A2DBC5A}"
EndProject
Global
	GlobalSection(SolutionConfigurationPlatforms) = preSolution
		Debug|Any CPU = Debug|Any CPU
		Release|Any CPU = Release|Any CPU
	EndGlobalSection
	GlobalSection(ProjectConfigurationPlatforms) = postSolution
		{FF3A0196-CE47-4512-A05C-B22B4A2DBC5A}.Debug|Any CPU.ActiveCfg = Debug|Any CPU
		{FF3A0196-CE47-4512-A05C-B22B4A2DBC5A}.Debug|Any CPU.Build.0 = Debug|Any CPU
		{FF3A0196-CE47-4512-A05C-B22B4A2DBC5A}.Release|Any CPU.ActiveCfg = Release|Any CPU
		{FF3A0196-CE47-4512-A05C-B22B4A2DBC5A}.Release|Any CPU.Build.0 = Release|Any CPU
	EndGlobalSection
EndGlobal
